
Microsoft Visual Studio Solution File, Format Version 12.00
# Visual Studio Version 17
VisualStudioVersion = 17.9.34723.18
MinimumVisualStudioVersion = 10.0.40219.1
Project("{9A19103F-16F7-4668-BE54-9A1E7A4F7556}") = "TimViec", "TimViec\TimViec.csproj", "{2D3D0A9C-B474-4E94-AE16-5BE25106F2C8}"
EndProject
Global
	GlobalSection(SolutionConfigurationPlatforms) = preSolution
		Debug|Any CPU = Debug|Any CPU
		Release|Any CPU = Release|Any CPU
	EndGlobalSection
	GlobalSection(ProjectConfigurationPlatforms) = postSolution
		{2D3D0A9C-B474-4E94-AE16-5BE25106F2C8}.Debug|Any CPU.ActiveCfg = Debug|Any CPU
		{2D3D0A9C-B474-4E94-AE16-5BE25106F2C8}.Debug|Any CPU.Build.0 = Debug|Any CPU
		{2D3D0A9C-B474-4E94-AE16-5BE25106F2C8}.Release|Any CPU.ActiveCfg = Release|Any CPU
		{2D3D0A9C-B474-4E94-AE16-5BE25106F2C8}.Release|Any CPU.Build.0 = Release|Any CPU
	EndGlobalSection
	GlobalSection(SolutionProperties) = preSolution
		HideSolutionNode = FALSE
	EndGlobalSection
	GlobalSection(ExtensibilityGlobals) = postSolution
		SolutionGuid = {D9D65A3C-8E1C-4E60-B6A0-56A814C8AEC9}
	EndGlobalSection
EndGlobal
